
Microsoft Visual Studio Solution File, Format Version 12.00
# Visual Studio 15
VisualStudioVersion = 15.0.28307.852
MinimumVisualStudioVersion = 10.0.40219.1
Project("{FAE04EC0-301F-11D3-BF4B-00C04F79EFBC}") = "BinarySearch", "BinarySearch\BinarySearch.csproj", "{2DC81EBD-27D8-47BE-A0F6-F3C3272A46B6}"
EndProject
Global
	GlobalSection(SolutionConfigurationPlatforms) = preSolution
		Debug|Any CPU = Debug|Any CPU
		Release|Any CPU = Release|Any CPU
	EndGlobalSection
	GlobalSection(ProjectConfigurationPlatforms) = postSolution
		{2DC81EBD-27D8-47BE-A0F6-F3C3272A46B6}.Debug|Any CPU.ActiveCfg = Debug|Any CPU
		{2DC81EBD-27D8-47BE-A0F6-F3C3272A46B6}.Debug|Any CPU.Build.0 = Debug|Any CPU
		{2DC81EBD-27D8-47BE-A0F6-F3C3272A46B6}.Release|Any CPU.ActiveCfg = Release|Any CPU
		{2DC81EBD-27D8-47BE-A0F6-F3C3272A46B6}.Release|Any CPU.Build.0 = Release|Any CPU
	EndGlobalSection
	GlobalSection(SolutionProperties) = preSolution
		HideSolutionNode = FALSE
	EndGlobalSection
	GlobalSection(ExtensibilityGlobals) = postSolution
		SolutionGuid = {4A27C682-4051-4702-B2C3-82628AB26A92}
	EndGlobalSection
EndGlobal
