
Microsoft Visual Studio Solution File, Format Version 12.00
# Visual Studio 14
VisualStudioVersion = 14.0.25420.1
MinimumVisualStudioVersion = 10.0.40219.1
Project("{2150E333-8FDC-42A3-9474-1A3956D46DE8}") = "src", "src", "{B704002C-A45D-4F29-AB29-D916DFE4E3BA}"
EndProject
Project("{2150E333-8FDC-42A3-9474-1A3956D46DE8}") = "Solution Items", "Solution Items", "{E9985ED0-05ED-423E-A512-463F769DE6E8}"
	ProjectSection(SolutionItems) = preProject
		global.json = global.json
	EndProjectSection
EndProject
Project("{8BB2217D-0F2D-49D1-97BC-3654ED321F3B}") = "ScaffoldFromDatabase", "src\ScaffoldFromDatabase\ScaffoldFromDatabase.xproj", "{47A2A718-1288-4A00-82A0-D0556AEB8F21}"
EndProject
Global
	GlobalSection(SolutionConfigurationPlatforms) = preSolution
		Debug|Any CPU = Debug|Any CPU
		Release|Any CPU = Release|Any CPU
	EndGlobalSection
	GlobalSection(ProjectConfigurationPlatforms) = postSolution
		{47A2A718-1288-4A00-82A0-D0556AEB8F21}.Debug|Any CPU.ActiveCfg = Debug|Any CPU
		{47A2A718-1288-4A00-82A0-D0556AEB8F21}.Debug|Any CPU.Build.0 = Debug|Any CPU
		{47A2A718-1288-4A00-82A0-D0556AEB8F21}.Release|Any CPU.ActiveCfg = Release|Any CPU
		{47A2A718-1288-4A00-82A0-D0556AEB8F21}.Release|Any CPU.Build.0 = Release|Any CPU
	EndGlobalSection
	GlobalSection(SolutionProperties) = preSolution
		HideSolutionNode = FALSE
	EndGlobalSection
	GlobalSection(NestedProjects) = preSolution
		{47A2A718-1288-4A00-82A0-D0556AEB8F21} = {B704002C-A45D-4F29-AB29-D916DFE4E3BA}
	EndGlobalSection
EndGlobal
